
Microsoft Visual Studio Solution File, Format Version 12.00
# Visual Studio Version 17
VisualStudioVersion = 17.10.35027.167
MinimumVisualStudioVersion = 10.0.40219.1
Project("{FAE04EC0-301F-11D3-BF4B-00C04F79EFBC}") = "PhoneBook", "PhoneBook\PhoneBook.csproj", "{9B5C8150-D306-420A-82A4-18CC583DE339}"
EndProject
Project("{FAE04EC0-301F-11D3-BF4B-00C04F79EFBC}") = "Phonebook.Core", "Phonebook.Core\Phonebook.Core.csproj", "{8E398A68-A7A4-4421-A951-46F4612F9DBB}"
EndProject
Project("{FAE04EC0-301F-11D3-BF4B-00C04F79EFBC}") = "Phonebook.Repository", "Phonebook.Repository\Phonebook.Repository.csproj", "{BBA1B47A-287D-416E-B11F-E42B297F6DAE}"
EndProject
Global
	GlobalSection(SolutionConfigurationPlatforms) = preSolution
		Debug|Any CPU = Debug|Any CPU
		Release|Any CPU = Release|Any CPU
	EndGlobalSection
	GlobalSection(ProjectConfigurationPlatforms) = postSolution
		{9B5C8150-D306-420A-82A4-18CC583DE339}.Debug|Any CPU.ActiveCfg = Debug|Any CPU
		{9B5C8150-D306-420A-82A4-18CC583DE339}.Debug|Any CPU.Build.0 = Debug|Any CPU
		{9B5C8150-D306-420A-82A4-18CC583DE339}.Release|Any CPU.ActiveCfg = Release|Any CPU
		{9B5C8150-D306-420A-82A4-18CC583DE339}.Release|Any CPU.Build.0 = Release|Any CPU
		{8E398A68-A7A4-4421-A951-46F4612F9DBB}.Debug|Any CPU.ActiveCfg = Debug|Any CPU
		{8E398A68-A7A4-4421-A951-46F4612F9DBB}.Debug|Any CPU.Build.0 = Debug|Any CPU
		{8E398A68-A7A4-4421-A951-46F4612F9DBB}.Release|Any CPU.ActiveCfg = Release|Any CPU
		{8E398A68-A7A4-4421-A951-46F4612F9DBB}.Release|Any CPU.Build.0 = Release|Any CPU
		{BBA1B47A-287D-416E-B11F-E42B297F6DAE}.Debug|Any CPU.ActiveCfg = Debug|Any CPU
		{BBA1B47A-287D-416E-B11F-E42B297F6DAE}.Debug|Any CPU.Build.0 = Debug|Any CPU
		{BBA1B47A-287D-416E-B11F-E42B297F6DAE}.Release|Any CPU.ActiveCfg = Release|Any CPU
		{BBA1B47A-287D-416E-B11F-E42B297F6DAE}.Release|Any CPU.Build.0 = Release|Any CPU
	EndGlobalSection
	GlobalSection(SolutionProperties) = preSolution
		HideSolutionNode = FALSE
	EndGlobalSection
	GlobalSection(ExtensibilityGlobals) = postSolution
		SolutionGuid = {20BB0B75-9C35-490E-9401-678665CFC2CE}
	EndGlobalSection
EndGlobal
